
Microsoft Visual Studio Solution File, Format Version 12.00
# Visual Studio Version 17
VisualStudioVersion = 17.9.34616.47
MinimumVisualStudioVersion = 10.0.40219.1
Project("{8BC9CEB8-8B4A-11D0-8D11-00A0C91BC942}") = "Laboratory_Work_1.cpp", "Data Structure\Data Structure.vcxproj", "{BF207379-251A-495E-B0E2-2BB37B40A7E1}"
EndProject
Project("{8BC9CEB8-8B4A-11D0-8D11-00A0C91BC942}") = "Laboratory_Work_2", "Laboratory_Work_2\Laboratory_Work_2.vcxproj", "{AE2FFBB1-5187-4A8B-9B57-CD6253A3B6E4}"
EndProject
Project("{8BC9CEB8-8B4A-11D0-8D11-00A0C91BC942}") = "Laboratory_Work_3", "Laboratory_Work_3\Laboratory_Work_3.vcxproj", "{F28B722F-7293-48FA-935E-078ABFA3E811}"
EndProject
Project("{8BC9CEB8-8B4A-11D0-8D11-00A0C91BC942}") = "Laboratory_Work_4", "Laboratiry_Work_4\Laboratiry_Work_4.vcxproj", "{046C0AE0-B561-45B4-8F9A-4CE0F7CEF4DC}"
EndProject
Project("{8BC9CEB8-8B4A-11D0-8D11-00A0C91BC942}") = "Laboratory_Work_5", "Laboratory_Work_5\Laboratory_Work_5.vcxproj", "{6E14BA07-53BB-47A7-984B-BAC3E60BE710}"
EndProject
Global
	GlobalSection(SolutionConfigurationPlatforms) = preSolution
		Debug|x64 = Debug|x64
		Debug|x86 = Debug|x86
		Release|x64 = Release|x64
		Release|x86 = Release|x86
	EndGlobalSection
	GlobalSection(ProjectConfigurationPlatforms) = postSolution
		{BF207379-251A-495E-B0E2-2BB37B40A7E1}.Debug|x64.ActiveCfg = Debug|x64
		{BF207379-251A-495E-B0E2-2BB37B40A7E1}.Debug|x64.Build.0 = Debug|x64
		{BF207379-251A-495E-B0E2-2BB37B40A7E1}.Debug|x86.ActiveCfg = Debug|Win32
		{BF207379-251A-495E-B0E2-2BB37B40A7E1}.Debug|x86.Build.0 = Debug|Win32
		{BF207379-251A-495E-B0E2-2BB37B40A7E1}.Release|x64.ActiveCfg = Release|x64
		{BF207379-251A-495E-B0E2-2BB37B40A7E1}.Release|x64.Build.0 = Release|x64
		{BF207379-251A-495E-B0E2-2BB37B40A7E1}.Release|x86.ActiveCfg = Release|Win32
		{BF207379-251A-495E-B0E2-2BB37B40A7E1}.Release|x86.Build.0 = Release|Win32
		{AE2FFBB1-5187-4A8B-9B57-CD6253A3B6E4}.Debug|x64.ActiveCfg = Debug|x64
		{AE2FFBB1-5187-4A8B-9B57-CD6253A3B6E4}.Debug|x64.Build.0 = Debug|x64
		{AE2FFBB1-5187-4A8B-9B57-CD6253A3B6E4}.Debug|x86.ActiveCfg = Debug|Win32
		{AE2FFBB1-5187-4A8B-9B57-CD6253A3B6E4}.Debug|x86.Build.0 = Debug|Win32
		{AE2FFBB1-5187-4A8B-9B57-CD6253A3B6E4}.Release|x64.ActiveCfg = Release|x64
		{AE2FFBB1-5187-4A8B-9B57-CD6253A3B6E4}.Release|x64.Build.0 = Release|x64
		{AE2FFBB1-5187-4A8B-9B57-CD6253A3B6E4}.Release|x86.ActiveCfg = Release|Win32
		{AE2FFBB1-5187-4A8B-9B57-CD6253A3B6E4}.Release|x86.Build.0 = Release|Win32
		{F28B722F-7293-48FA-935E-078ABFA3E811}.Debug|x64.ActiveCfg = Debug|x64
		{F28B722F-7293-48FA-935E-078ABFA3E811}.Debug|x64.Build.0 = Debug|x64
		{F28B722F-7293-48FA-935E-078ABFA3E811}.Debug|x86.ActiveCfg = Debug|Win32
		{F28B722F-7293-48FA-935E-078ABFA3E811}.Debug|x86.Build.0 = Debug|Win32
		{F28B722F-7293-48FA-935E-078ABFA3E811}.Release|x64.ActiveCfg = Release|x64
		{F28B722F-7293-48FA-935E-078ABFA3E811}.Release|x64.Build.0 = Release|x64
		{F28B722F-7293-48FA-935E-078ABFA3E811}.Release|x86.ActiveCfg = Release|Win32
		{F28B722F-7293-48FA-935E-078ABFA3E811}.Release|x86.Build.0 = Release|Win32
		{046C0AE0-B561-45B4-8F9A-4CE0F7CEF4DC}.Debug|x64.ActiveCfg = Debug|x64
		{046C0AE0-B561-45B4-8F9A-4CE0F7CEF4DC}.Debug|x64.Build.0 = Debug|x64
		{046C0AE0-B561-45B4-8F9A-4CE0F7CEF4DC}.Debug|x86.ActiveCfg = Debug|Win32
		{046C0AE0-B561-45B4-8F9A-4CE0F7CEF4DC}.Debug|x86.Build.0 = Debug|Win32
		{046C0AE0-B561-45B4-8F9A-4CE0F7CEF4DC}.Release|x64.ActiveCfg = Release|x64
		{046C0AE0-B561-45B4-8F9A-4CE0F7CEF4DC}.Release|x64.Build.0 = Release|x64
		{046C0AE0-B561-45B4-8F9A-4CE0F7CEF4DC}.Release|x86.ActiveCfg = Release|Win32
		{046C0AE0-B561-45B4-8F9A-4CE0F7CEF4DC}.Release|x86.Build.0 = Release|Win32
		{6E14BA07-53BB-47A7-984B-BAC3E60BE710}.Debug|x64.ActiveCfg = Debug|x64
		{6E14BA07-53BB-47A7-984B-BAC3E60BE710}.Debug|x64.Build.0 = Debug|x64
		{6E14BA07-53BB-47A7-984B-BAC3E60BE710}.Debug|x86.ActiveCfg = Debug|Win32
		{6E14BA07-53BB-47A7-984B-BAC3E60BE710}.Debug|x86.Build.0 = Debug|Win32
		{6E14BA07-53BB-47A7-984B-BAC3E60BE710}.Release|x64.ActiveCfg = Release|x64
		{6E14BA07-53BB-47A7-984B-BAC3E60BE710}.Release|x64.Build.0 = Release|x64
		{6E14BA07-53BB-47A7-984B-BAC3E60BE710}.Release|x86.ActiveCfg = Release|Win32
		{6E14BA07-53BB-47A7-984B-BAC3E60BE710}.Release|x86.Build.0 = Release|Win32
	EndGlobalSection
	GlobalSection(SolutionProperties) = preSolution
		HideSolutionNode = FALSE
	EndGlobalSection
	GlobalSection(ExtensibilityGlobals) = postSolution
		SolutionGuid = {244C8D6C-30B8-41AD-BCC8-2D0E49AE5788}
	EndGlobalSection
EndGlobal
