<?xml version="1.0" encoding="utf-8"?>
<Project ToolsVersion="4.0" xmlns="http://schemas.microsoft.com/developer/msbuild/2003">
  <ItemGroup>
    <Filter Include="Исходные файлы">
      <UniqueIdentifier>{4FC737F1-C7A5-4376-A066-2A32D752A2FF}</UniqueIdentifier>
      <Extensions>cpp;c;cc;cxx;c++;cppm;ixx;def;odl;idl;hpj;bat;asm;asmx</Extensions>
    </Filter>
    <Filter Include="Файлы заголовков">
      <UniqueIdentifier>{93995380-89BD-4b04-88EB-625FBE52EBFB}</UniqueIdentifier>
      <Extensions>h;hh;hpp;hxx;h++;hm;inl;inc;ipp;xsd</Extensions>
    </Filter>
    <Filter Include="Файлы ресурсов">
      <UniqueIdentifier>{67DA6AB6-F800-4c08-8B7A-83BB121AAD01}</UniqueIdentifier>
      <Extensions>rc;ico;cur;bmp;dlg;rc2;rct;bin;rgs;gif;jpg;jpeg;jpe;resx;tiff;tif;png;wav;mfcribbon-ms</Extensions>
    </Filter>
    <Filter Include="Файлы ресурсов\Console">
      <UniqueIdentifier>{b80d3a28-f506-4d07-bd6e-55fbbfca8cbb}</UniqueIdentifier>
    </Filter>
    <Filter Include="Файлы ресурсов\Console\Helpers">
      <UniqueIdentifier>{050d644e-844d-4de8-be44-bd8e89fb5818}</UniqueIdentifier>
    </Filter>
    <Filter Include="Файлы ресурсов\Logic">
      <UniqueIdentifier>{8415cb16-5ee2-43cb-a098-e058d063c782}</UniqueIdentifier>
    </Filter>
    <Filter Include="Файлы ресурсов\Logic\Binary Tree">
      <UniqueIdentifier>{46b71b55-d942-474a-988b-ef5035e561b1}</UniqueIdentifier>
    </Filter>
    <Filter Include="Файлы ресурсов\Console\Binary Tree">
      <UniqueIdentifier>{56eec38a-faf2-42a2-827b-97559087d558}</UniqueIdentifier>
    </Filter>
    <Filter Include="Файлы ресурсов\Console\Cartesian Tree">
      <UniqueIdentifier>{7b323653-41c2-4cea-bc00-3eef2ff7c305}</UniqueIdentifier>
    </Filter>
    <Filter Include="Файлы ресурсов\Logic\Cartesian Tree">
      <UniqueIdentifier>{a27bfb80-4e02-40e7-a969-604a0d451345}</UniqueIdentifier>
    </Filter>
  </ItemGroup>
  <ItemGroup>
    <ClCompile Include="Laboratory_Work_5.cpp">
      <Filter>Исходные файлы</Filter>
    </ClCompile>
    <ClCompile Include="Validator.cpp">
      <Filter>Файлы ресурсов\Console\Helpers</Filter>
    </ClCompile>
    <ClCompile Include="BinaryTree.cpp">
      <Filter>Файлы ресурсов\Logic\Binary Tree</Filter>
    </ClCompile>
    <ClCompile Include="BinaryTreeConsole.cpp">
      <Filter>Файлы ресурсов\Console\Binary Tree</Filter>
    </ClCompile>
    <ClCompile Include="CartesianTreeConsole.cpp">
      <Filter>Файлы ресурсов\Console\Cartesian Tree</Filter>
    </ClCompile>
    <ClCompile Include="CartesianTree.cpp">
      <Filter>Файлы ресурсов\Logic\Cartesian Tree</Filter>
    </ClCompile>
  </ItemGroup>
  <ItemGroup>
    <ClInclude Include="Colors.h">
      <Filter>Файлы ресурсов\Console\Helpers</Filter>
    </ClInclude>
    <ClInclude Include="Validator.h">
      <Filter>Файлы ресурсов\Console\Helpers</Filter>
    </ClInclude>
    <ClInclude Include="Node.h">
      <Filter>Файлы ресурсов\Logic\Binary Tree</Filter>
    </ClInclude>
    <ClInclude Include="BinaryTree.h">
      <Filter>Файлы ресурсов\Logic\Binary Tree</Filter>
    </ClInclude>
    <ClInclude Include="BinaryTreeConsole.h">
      <Filter>Файлы ресурсов\Console\Binary Tree</Filter>
    </ClInclude>
    <ClInclude Include="CartesianTreeConsole.h">
      <Filter>Файлы ресурсов\Console\Cartesian Tree</Filter>
    </ClInclude>
    <ClInclude Include="CartesianNode.h">
      <Filter>Файлы ресурсов\Logic\Cartesian Tree</Filter>
    </ClInclude>
    <ClInclude Include="CartesianTree.h">
      <Filter>Файлы ресурсов\Logic\Cartesian Tree</Filter>
    </ClInclude>
  </ItemGroup>
</Project>