<?xml version="1.0" encoding="utf-8"?>
<Project ToolsVersion="4.0" xmlns="http://schemas.microsoft.com/developer/msbuild/2003">
  <ItemGroup>
    <Filter Include="Исходные файлы">
      <UniqueIdentifier>{4FC737F1-C7A5-4376-A066-2A32D752A2FF}</UniqueIdentifier>
      <Extensions>cpp;c;cc;cxx;c++;cppm;ixx;def;odl;idl;hpj;bat;asm;asmx</Extensions>
    </Filter>
    <Filter Include="Файлы заголовков">
      <UniqueIdentifier>{93995380-89BD-4b04-88EB-625FBE52EBFB}</UniqueIdentifier>
      <Extensions>h;hh;hpp;hxx;h++;hm;inl;inc;ipp;xsd</Extensions>
    </Filter>
    <Filter Include="Файлы ресурсов">
      <UniqueIdentifier>{67DA6AB6-F800-4c08-8B7A-83BB121AAD01}</UniqueIdentifier>
      <Extensions>rc;ico;cur;bmp;dlg;rc2;rct;bin;rgs;gif;jpg;jpeg;jpe;resx;tiff;tif;png;wav;mfcribbon-ms</Extensions>
    </Filter>
    <Filter Include="Файлы ресурсов\Logic">
      <UniqueIdentifier>{fe755f9d-96fd-4246-ac01-51f06233b3e2}</UniqueIdentifier>
    </Filter>
    <Filter Include="Файлы ресурсов\Console">
      <UniqueIdentifier>{66ac5ec6-e67f-4a40-b58b-53940d72a735}</UniqueIdentifier>
    </Filter>
    <Filter Include="Файлы ресурсов\Console\CircularBuffer">
      <UniqueIdentifier>{ac633c01-82b5-4a48-8753-b6564491c876}</UniqueIdentifier>
    </Filter>
    <Filter Include="Файлы ресурсов\Console\QueueCircularBuffer">
      <UniqueIdentifier>{4355cf29-4932-41f2-9794-5dc8cd2e637d}</UniqueIdentifier>
    </Filter>
    <Filter Include="Файлы ресурсов\Console\Stack">
      <UniqueIdentifier>{0e680844-098c-4bdd-b761-42ee61025459}</UniqueIdentifier>
    </Filter>
    <Filter Include="Файлы ресурсов\Console\Helpers">
      <UniqueIdentifier>{c9bc5c7d-35f2-4964-8482-fcad6538dfb3}</UniqueIdentifier>
    </Filter>
    <Filter Include="Файлы ресурсов\Logic\CircularBuffer">
      <UniqueIdentifier>{113d4a3e-beca-4cac-9584-43b80bba52ee}</UniqueIdentifier>
    </Filter>
    <Filter Include="Файлы ресурсов\Logic\Stack">
      <UniqueIdentifier>{2bdb47d0-7a16-4bfa-8171-b182946b269a}</UniqueIdentifier>
    </Filter>
    <Filter Include="Файлы ресурсов\Logic\QueueCircularBuffer">
      <UniqueIdentifier>{ff73a9e4-7d16-4307-ab81-ee1eb17186ff}</UniqueIdentifier>
    </Filter>
    <Filter Include="Файлы ресурсов\Logic\QueueStack">
      <UniqueIdentifier>{abe4bc2e-754e-44eb-a9c4-4ca62661621d}</UniqueIdentifier>
    </Filter>
    <Filter Include="Файлы ресурсов\Console\QueueStack">
      <UniqueIdentifier>{c8e497d7-7caf-4c18-ae12-25438ffbf707}</UniqueIdentifier>
    </Filter>
    <Filter Include="Файлы заголовков\Console">
      <UniqueIdentifier>{74275cea-f2d1-456c-9dd8-44df13721b95}</UniqueIdentifier>
    </Filter>
    <Filter Include="Файлы заголовков\Logic">
      <UniqueIdentifier>{eda6d54e-42a2-487a-8235-f228c1b7e6ff}</UniqueIdentifier>
    </Filter>
    <Filter Include="Файлы заголовков\Console\Stack">
      <UniqueIdentifier>{795c0848-d436-4223-b7ab-5a24c70f4fbf}</UniqueIdentifier>
    </Filter>
    <Filter Include="Файлы заголовков\Logic\Stack">
      <UniqueIdentifier>{f63ff8a7-caf9-47f3-801c-fd143b79559d}</UniqueIdentifier>
    </Filter>
    <Filter Include="Файлы заголовков\Console\CircularBuffer">
      <UniqueIdentifier>{074f1634-59a3-4e3c-afbb-654a7bbb46ee}</UniqueIdentifier>
    </Filter>
    <Filter Include="Файлы заголовков\Logic\CircularBuffer">
      <UniqueIdentifier>{9319eb74-893d-4d9f-b9d8-d7ff451c03f5}</UniqueIdentifier>
    </Filter>
    <Filter Include="Файлы заголовков\Console\QueueCircularBuffer">
      <UniqueIdentifier>{3dfbee88-374e-4e63-b2ff-fd8aefe4221d}</UniqueIdentifier>
    </Filter>
    <Filter Include="Файлы заголовков\Logic\QueueCircularBuffer">
      <UniqueIdentifier>{c1fc9846-9994-4c9d-a8b2-8d6d80b4a1ae}</UniqueIdentifier>
    </Filter>
    <Filter Include="Файлы заголовков\Console\QueueStack">
      <UniqueIdentifier>{2b9a5af9-a1bc-4ff9-ba2d-1cf030984132}</UniqueIdentifier>
    </Filter>
    <Filter Include="Файлы заголовков\Logic\QueueStack">
      <UniqueIdentifier>{2877b899-6d5b-46a4-a7e9-6fe45ba97398}</UniqueIdentifier>
    </Filter>
    <Filter Include="Файлы заголовков\Console\Helpers">
      <UniqueIdentifier>{b4440be9-5aeb-4ffd-af40-2886cd4dd458}</UniqueIdentifier>
    </Filter>
  </ItemGroup>
  <ItemGroup>
    <ClCompile Include="Laboratory_Work_3.cpp">
      <Filter>Исходные файлы</Filter>
    </ClCompile>
    <ClCompile Include="CircularBufferConsole.cpp">
      <Filter>Файлы ресурсов\Console\CircularBuffer</Filter>
    </ClCompile>
    <ClCompile Include="QueueCircularBufferConsole.cpp">
      <Filter>Файлы ресурсов\Console\QueueCircularBuffer</Filter>
    </ClCompile>
    <ClCompile Include="StackConsole.cpp">
      <Filter>Файлы ресурсов\Console\Stack</Filter>
    </ClCompile>
    <ClCompile Include="Validator.cpp">
      <Filter>Файлы ресурсов\Console\Helpers</Filter>
    </ClCompile>
    <ClCompile Include="CircularBuffer.cpp">
      <Filter>Файлы ресурсов\Logic\CircularBuffer</Filter>
    </ClCompile>
    <ClCompile Include="Stack.cpp">
      <Filter>Файлы ресурсов\Logic\Stack</Filter>
    </ClCompile>
    <ClCompile Include="Node.cpp">
      <Filter>Файлы ресурсов\Logic\Stack</Filter>
    </ClCompile>
    <ClCompile Include="QueueCircularBuffer.cpp">
      <Filter>Файлы ресурсов\Logic\QueueCircularBuffer</Filter>
    </ClCompile>
    <ClCompile Include="QueueStack.cpp">
      <Filter>Файлы ресурсов\Logic\QueueStack</Filter>
    </ClCompile>
    <ClCompile Include="QueueStackConsole.cpp">
      <Filter>Файлы ресурсов\Console\QueueStack</Filter>
    </ClCompile>
  </ItemGroup>
  <ItemGroup>
    <ClInclude Include="StackConsole.h">
      <Filter>Файлы заголовков\Console\Stack</Filter>
    </ClInclude>
    <ClInclude Include="Stack.h">
      <Filter>Файлы заголовков\Logic\Stack</Filter>
    </ClInclude>
    <ClInclude Include="Node.h">
      <Filter>Файлы заголовков\Logic\Stack</Filter>
    </ClInclude>
    <ClInclude Include="CircularBufferConsole.h">
      <Filter>Файлы заголовков\Console\CircularBuffer</Filter>
    </ClInclude>
    <ClInclude Include="CircularBuffer.h">
      <Filter>Файлы заголовков\Logic\CircularBuffer</Filter>
    </ClInclude>
    <ClInclude Include="QueueCircularBufferConsole.h">
      <Filter>Файлы заголовков\Console\QueueCircularBuffer</Filter>
    </ClInclude>
    <ClInclude Include="QueueCircularBuffer.h">
      <Filter>Файлы заголовков\Logic\QueueCircularBuffer</Filter>
    </ClInclude>
    <ClInclude Include="QueueStack.h">
      <Filter>Файлы заголовков\Logic\QueueStack</Filter>
    </ClInclude>
    <ClInclude Include="QueueStackConsole.h">
      <Filter>Файлы заголовков\Console\QueueStack</Filter>
    </ClInclude>
    <ClInclude Include="Colors.h">
      <Filter>Файлы заголовков\Console\Helpers</Filter>
    </ClInclude>
    <ClInclude Include="Validator.h">
      <Filter>Файлы заголовков\Console\Helpers</Filter>
    </ClInclude>
  </ItemGroup>
</Project>