<?xml version="1.0" encoding="utf-8"?>
<Project ToolsVersion="4.0" xmlns="http://schemas.microsoft.com/developer/msbuild/2003">
  <ItemGroup>
    <Filter Include="Исходные файлы">
      <UniqueIdentifier>{4FC737F1-C7A5-4376-A066-2A32D752A2FF}</UniqueIdentifier>
      <Extensions>cpp;c;cc;cxx;c++;cppm;ixx;def;odl;idl;hpj;bat;asm;asmx</Extensions>
    </Filter>
    <Filter Include="Файлы заголовков">
      <UniqueIdentifier>{93995380-89BD-4b04-88EB-625FBE52EBFB}</UniqueIdentifier>
      <Extensions>h;hh;hpp;hxx;h++;hm;inl;inc;ipp;xsd</Extensions>
    </Filter>
    <Filter Include="Файлы ресурсов">
      <UniqueIdentifier>{67DA6AB6-F800-4c08-8B7A-83BB121AAD01}</UniqueIdentifier>
      <Extensions>rc;ico;cur;bmp;dlg;rc2;rct;bin;rgs;gif;jpg;jpeg;jpe;resx;tiff;tif;png;wav;mfcribbon-ms</Extensions>
    </Filter>
    <Filter Include="Файлы ресурсов\Console">
      <UniqueIdentifier>{8f929f57-b8cc-4064-92a3-a249dcbdb0ce}</UniqueIdentifier>
    </Filter>
    <Filter Include="Файлы ресурсов\Console\Helpers">
      <UniqueIdentifier>{43eeae11-8b7e-46a0-b8a0-96b8a55c46c0}</UniqueIdentifier>
    </Filter>
    <Filter Include="Файлы ресурсов\Logic">
      <UniqueIdentifier>{46c709d4-f5ea-42d9-b3ea-7b485a672a3f}</UniqueIdentifier>
    </Filter>
    <Filter Include="Файлы заголовков\Console">
      <UniqueIdentifier>{1159f8d6-7b50-4cb1-aa09-892f04b41b0c}</UniqueIdentifier>
    </Filter>
    <Filter Include="Файлы заголовков\Logic">
      <UniqueIdentifier>{3965063d-d69e-47e8-9d93-b668610056cc}</UniqueIdentifier>
    </Filter>
    <Filter Include="Файлы заголовков\Console\Helpers">
      <UniqueIdentifier>{e3d6c8f0-006c-4c87-bbe0-36e8776ace19}</UniqueIdentifier>
    </Filter>
  </ItemGroup>
  <ItemGroup>
    <ClCompile Include="Laboratiry_Work_4.cpp">
      <Filter>Исходные файлы</Filter>
    </ClCompile>
    <ClCompile Include="Validator.cpp">
      <Filter>Файлы ресурсов\Console\Helpers</Filter>
    </ClCompile>
    <ClCompile Include="Dictionary.cpp">
      <Filter>Файлы ресурсов\Logic</Filter>
    </ClCompile>
    <ClCompile Include="DictionaryConsole.cpp">
      <Filter>Файлы ресурсов\Console</Filter>
    </ClCompile>
  </ItemGroup>
  <ItemGroup>
    <ClInclude Include="DictionaryConsole.h">
      <Filter>Файлы заголовков\Console</Filter>
    </ClInclude>
    <ClInclude Include="Colors.h">
      <Filter>Файлы заголовков\Console\Helpers</Filter>
    </ClInclude>
    <ClInclude Include="Validator.h">
      <Filter>Файлы заголовков\Console\Helpers</Filter>
    </ClInclude>
    <ClInclude Include="Dictionary.h">
      <Filter>Файлы заголовков\Logic</Filter>
    </ClInclude>
    <ClInclude Include="Node.h">
      <Filter>Файлы заголовков\Logic</Filter>
    </ClInclude>
  </ItemGroup>
</Project>