<?xml version="1.0" encoding="utf-8"?>
<Project ToolsVersion="4.0" xmlns="http://schemas.microsoft.com/developer/msbuild/2003">
  <ItemGroup>
    <Filter Include="Исходные файлы">
      <UniqueIdentifier>{4FC737F1-C7A5-4376-A066-2A32D752A2FF}</UniqueIdentifier>
      <Extensions>cpp;c;cc;cxx;c++;cppm;ixx;def;odl;idl;hpj;bat;asm;asmx</Extensions>
    </Filter>
    <Filter Include="Файлы заголовков">
      <UniqueIdentifier>{93995380-89BD-4b04-88EB-625FBE52EBFB}</UniqueIdentifier>
      <Extensions>h;hh;hpp;hxx;h++;hm;inl;inc;ipp;xsd</Extensions>
    </Filter>
    <Filter Include="Файлы ресурсов">
      <UniqueIdentifier>{67DA6AB6-F800-4c08-8B7A-83BB121AAD01}</UniqueIdentifier>
      <Extensions>rc;ico;cur;bmp;dlg;rc2;rct;bin;rgs;gif;jpg;jpeg;jpe;resx;tiff;tif;png;wav;mfcribbon-ms</Extensions>
    </Filter>
    <Filter Include="Файлы ресурсов\Console">
      <UniqueIdentifier>{e1cdfaa0-d081-460f-9d05-5d63806aaa81}</UniqueIdentifier>
    </Filter>
    <Filter Include="Файлы ресурсов\Console\Helpers">
      <UniqueIdentifier>{a5467ef8-dce0-442d-ab02-63f5b9b9ae5a}</UniqueIdentifier>
    </Filter>
    <Filter Include="Файлы ресурсов\Console\BR Tree">
      <UniqueIdentifier>{d5eae0f1-cfbf-4b6a-9b31-6b3fab19b650}</UniqueIdentifier>
    </Filter>
    <Filter Include="Файлы ресурсов\Logic">
      <UniqueIdentifier>{5471e394-3d30-4d14-9cea-9a3461edda20}</UniqueIdentifier>
    </Filter>
    <Filter Include="Файлы ресурсов\Logic\RB Tree">
      <UniqueIdentifier>{0d3b8e01-60d0-40b5-a6a5-8f4ad7cdfc5d}</UniqueIdentifier>
    </Filter>
  </ItemGroup>
  <ItemGroup>
    <ClCompile Include="Laboratory_Work_6.cpp">
      <Filter>Исходные файлы</Filter>
    </ClCompile>
    <ClCompile Include="Validator.cpp">
      <Filter>Файлы ресурсов\Console\Helpers</Filter>
    </ClCompile>
    <ClCompile Include="RedBlackTreeConsole.cpp">
      <Filter>Файлы ресурсов\Console\BR Tree</Filter>
    </ClCompile>
    <ClCompile Include="RBTree.cpp">
      <Filter>Файлы ресурсов\Logic\RB Tree</Filter>
    </ClCompile>
  </ItemGroup>
  <ItemGroup>
    <ClInclude Include="Colors.h">
      <Filter>Файлы ресурсов\Console\Helpers</Filter>
    </ClInclude>
    <ClInclude Include="Validator.h">
      <Filter>Файлы ресурсов\Console\Helpers</Filter>
    </ClInclude>
    <ClInclude Include="RedBlackTreeConsole.h">
      <Filter>Файлы ресурсов\Console\BR Tree</Filter>
    </ClInclude>
    <ClInclude Include="RBTree.h">
      <Filter>Файлы ресурсов\Logic\RB Tree</Filter>
    </ClInclude>
    <ClInclude Include="RBNode.h">
      <Filter>Файлы ресурсов\Logic\RB Tree</Filter>
    </ClInclude>
    <ClInclude Include="Symbols.h">
      <Filter>Файлы ресурсов\Console\Helpers</Filter>
    </ClInclude>
  </ItemGroup>
</Project>