<?xml version="1.0" encoding="utf-8"?>
<Project ToolsVersion="4.0" xmlns="http://schemas.microsoft.com/developer/msbuild/2003">
  <ItemGroup>
    <Filter Include="Исходные файлы">
      <UniqueIdentifier>{4FC737F1-C7A5-4376-A066-2A32D752A2FF}</UniqueIdentifier>
      <Extensions>cpp;c;cc;cxx;c++;cppm;ixx;def;odl;idl;hpj;bat;asm;asmx</Extensions>
    </Filter>
    <Filter Include="Файлы заголовков">
      <UniqueIdentifier>{93995380-89BD-4b04-88EB-625FBE52EBFB}</UniqueIdentifier>
      <Extensions>h;hh;hpp;hxx;h++;hm;inl;inc;ipp;xsd</Extensions>
    </Filter>
    <Filter Include="Файлы ресурсов">
      <UniqueIdentifier>{67DA6AB6-F800-4c08-8B7A-83BB121AAD01}</UniqueIdentifier>
      <Extensions>rc;ico;cur;bmp;dlg;rc2;rct;bin;rgs;gif;jpg;jpeg;jpe;resx;tiff;tif;png;wav;mfcribbon-ms</Extensions>
    </Filter>
    <Filter Include="Файлы ресурсов\Console">
      <UniqueIdentifier>{e1cdfaa0-d081-460f-9d05-5d63806aaa81}</UniqueIdentifier>
    </Filter>
    <Filter Include="Файлы ресурсов\Console\Helpers">
      <UniqueIdentifier>{a5467ef8-dce0-442d-ab02-63f5b9b9ae5a}</UniqueIdentifier>
    </Filter>
    <Filter Include="Файлы ресурсов\Console\BR Tree">
      <UniqueIdentifier>{d5eae0f1-cfbf-4b6a-9b31-6b3fab19b650}</UniqueIdentifier>
    </Filter>
    <Filter Include="Файлы ресурсов\Logic">
      <UniqueIdentifier>{5471e394-3d30-4d14-9cea-9a3461edda20}</UniqueIdentifier>
    </Filter>
    <Filter Include="Файлы ресурсов\Logic\RB Tree">
      <UniqueIdentifier>{0d3b8e01-60d0-40b5-a6a5-8f4ad7cdfc5d}</UniqueIdentifier>
    </Filter>
    <Filter Include="Файлы заголовков\Console">
      <UniqueIdentifier>{88fa81e6-9772-4060-8656-bc18c79329b6}</UniqueIdentifier>
    </Filter>
    <Filter Include="Файлы заголовков\Console\RB Tree">
      <UniqueIdentifier>{202fe051-1750-48af-83f1-e993ae6ed01b}</UniqueIdentifier>
    </Filter>
    <Filter Include="Файлы заголовков\Console\Helpers">
      <UniqueIdentifier>{0e01420e-ccf6-4ab7-9213-9f4afdcc8fcb}</UniqueIdentifier>
    </Filter>
    <Filter Include="Файлы заголовков\Logic">
      <UniqueIdentifier>{e4701fad-f48e-4f45-87f1-10b280155f02}</UniqueIdentifier>
    </Filter>
    <Filter Include="Файлы заголовков\Logic\RB Tree">
      <UniqueIdentifier>{6818ddc1-cc36-4be4-ba02-9510a6cfcb74}</UniqueIdentifier>
    </Filter>
    <Filter Include="Файлы заголовков\Console\AVL Tree">
      <UniqueIdentifier>{00d6d46f-4cb9-4116-b739-aa6ada6617cc}</UniqueIdentifier>
    </Filter>
    <Filter Include="Файлы ресурсов\Console\AVL Tree">
      <UniqueIdentifier>{4eafed4f-96b9-4ebe-a3db-c2fa2831a8c5}</UniqueIdentifier>
    </Filter>
    <Filter Include="Файлы заголовков\Logic\AVL Tree">
      <UniqueIdentifier>{a1890c93-c27d-43d3-92c6-6c21787555a8}</UniqueIdentifier>
    </Filter>
    <Filter Include="Файлы ресурсов\Logic\AVL Tree">
      <UniqueIdentifier>{a11ca3b8-cf50-4517-b3b6-f7779d8f99f8}</UniqueIdentifier>
    </Filter>
  </ItemGroup>
  <ItemGroup>
    <ClCompile Include="Laboratory_Work_6.cpp">
      <Filter>Исходные файлы</Filter>
    </ClCompile>
    <ClCompile Include="Validator.cpp">
      <Filter>Файлы ресурсов\Console\Helpers</Filter>
    </ClCompile>
    <ClCompile Include="RedBlackTreeConsole.cpp">
      <Filter>Файлы ресурсов\Console\BR Tree</Filter>
    </ClCompile>
    <ClCompile Include="RBTree.cpp">
      <Filter>Файлы ресурсов\Logic\RB Tree</Filter>
    </ClCompile>
    <ClCompile Include="AVLTreeConsole.cpp">
      <Filter>Файлы ресурсов\Console\AVL Tree</Filter>
    </ClCompile>
    <ClCompile Include="AVLTree.cpp">
      <Filter>Файлы ресурсов\Logic\AVL Tree</Filter>
    </ClCompile>
  </ItemGroup>
  <ItemGroup>
    <ClInclude Include="RedBlackTreeConsole.h">
      <Filter>Файлы заголовков\Console\RB Tree</Filter>
    </ClInclude>
    <ClInclude Include="Symbols.h">
      <Filter>Файлы заголовков\Console\Helpers</Filter>
    </ClInclude>
    <ClInclude Include="Colors.h">
      <Filter>Файлы заголовков\Console\Helpers</Filter>
    </ClInclude>
    <ClInclude Include="Validator.h">
      <Filter>Файлы заголовков\Console\Helpers</Filter>
    </ClInclude>
    <ClInclude Include="RBNode.h">
      <Filter>Файлы заголовков\Logic\RB Tree</Filter>
    </ClInclude>
    <ClInclude Include="RBTree.h">
      <Filter>Файлы заголовков\Logic\RB Tree</Filter>
    </ClInclude>
    <ClInclude Include="AVLTreeConsole.h">
      <Filter>Файлы заголовков\Console\AVL Tree</Filter>
    </ClInclude>
    <ClInclude Include="AVLTree.h">
      <Filter>Файлы заголовков\Logic\AVL Tree</Filter>
    </ClInclude>
    <ClInclude Include="AVLNode.h">
      <Filter>Файлы заголовков\Logic\AVL Tree</Filter>
    </ClInclude>
  </ItemGroup>
</Project>